{
  "version": 4,
  "terraform_version": "1.2.8",
  "serial": 84,
  "lineage": "411da328-a07e-f5b7-17bd-09344cc91f1f",
  "outputs": {},
  "resources": [
    {
      "mode": "managed",
      "type": "aws_eks_cluster",
      "name": "devopsthehardway-eks",
      "provider": "provider[\"registry.terraform.io/hashicorp/aws\"]",
      "instances": [
        {
          "schema_version": 0,
          "attributes": {
            "arn": "arn:aws:eks:us-east-1:397683539968:cluster/CornerStone-cluster",
            "certificate_authority": [
              {
                "data": "LS0tLS1CRUdJTiBDRVJUSUZJQ0FURS0tLS0tCk1JSUMvakNDQWVhZ0F3SUJBZ0lCQURBTkJna3Foa2lHOXcwQkFRc0ZBREFWTVJNd0VRWURWUVFERXdwcmRXSmwKY201bGRHVnpNQjRYRFRJeU1URXdPVEExTkRNek1sb1hEVE15TVRFd05qQTFORE16TWxvd0ZURVRNQkVHQTFVRQpBeE1LYTNWaVpYSnVaWFJsY3pDQ0FTSXdEUVlKS29aSWh2Y05BUUVCQlFBRGdnRVBBRENDQVFvQ2dnRUJBTTRDCmMzWnhUdEsrTktoL2o2K0pCRldRRjdKZEJ0Y2luRml1ektMY2ZQZ2J4MXBscTQrOEdXejJDUWJLNVZIZjRGdEgKZlZNNC9TZ2RpY2VpRWxpaFVqRW1kdDAwZ1NEblRTUjZ2cGxTbWxEVG5qbXpUSHd3WmxCNXZzTytrTHVpNmF4OQpNeXplbzFWbFQ1MTlkL1AyZmtiTGZxRm9LN2hNTWJoc28xVCs4ZFhjeklTZklrQkRyeTcwTnk2ZVBjbWgvZlRDCm42bWxBQkt0YkVIV21UdzhWY1JrQ3RyOUtIUUJTS1lMN2V1blRnUktpVVRCUWxxclg4WGRqSWJ5cDFsUEFjbWQKQXdvdk1wSTRzM0ZjTWh4MXVUWTg2a01wRUdjVFJxdjZTcjhiZ0JFb3hJQXk1Y1RZYVNaZzl4SHlIT2VXdkZRWgp4bXlhcXdtandsblNUbkx0ZkowQ0F3RUFBYU5aTUZjd0RnWURWUjBQQVFIL0JBUURBZ0trTUE4R0ExVWRFd0VCCi93UUZNQU1CQWY4d0hRWURWUjBPQkJZRUZJSVVJbXcvSWlURTJiZE40WTVwTm1GQlpDN0RNQlVHQTFVZEVRUU8KTUF5Q0NtdDFZbVZ5Ym1WMFpYTXdEUVlKS29aSWh2Y05BUUVMQlFBRGdnRUJBRGdZMWxRRXFnTDdYTS9GRmhneApVSlhjZDJRSUM0NTBhM2VuY08zRDZyeDhBa1RyYkRLWjVYME04Tytqb1J3dXFlU08rcjU3bExLSHZhalVoUTlKCm9yZHpJWlkvOURVSWh1SzRwSGN0Vzk0d0tDcGtJMitlWWFoQVlqSXB4MS9CUFJBc0xMeU55bTgxdVRrMzJLRUYKUm5OZ1ROMC9TblRvd2hFZUhKTW9aL1Zidm5vYlFUS0pudHRISkNLVnl1cThSb1ZVZ2tBMnZLQXFLOHRaUEtEdQp4QVByMUlGeTVyTEMxZ1dLdlMvM1BEM200T1FwVVJ3WDhRb09JUWg3NnJtbzBOVkJMaHYyTG5LNXRUNHRCOFlvCk1wQVpLNE1jQXN6WlFDZ2orV3FNUXN3SmFhVXhzdkVmK0tWaWhLSzdKUTVxYU5UQmh2WkZtWm0rMDlmcWcycEQKdGVzPQotLS0tLUVORCBDRVJUSUZJQ0FURS0tLS0tCg=="
              }
            ],
            "created_at": "2022-11-09 05:37:12.635 +0000 UTC",
            "enabled_cluster_log_types": [],
            "encryption_config": [],
            "endpoint": "https://8160F46A4F188125218D8813C22C3300.gr7.us-east-1.eks.amazonaws.com",
            "id": "CornerStone-cluster",
            "identity": [
              {
                "oidc": [
                  {
                    "issuer": "https://oidc.eks.us-east-1.amazonaws.com/id/8160F46A4F188125218D8813C22C3300"
                  }
                ]
              }
            ],
            "kubernetes_network_config": [
              {
                "ip_family": "ipv4",
                "service_ipv4_cidr": "172.20.0.0/16",
                "service_ipv6_cidr": ""
              }
            ],
            "name": "CornerStone-cluster",
            "outpost_config": [],
            "platform_version": "eks.3",
            "role_arn": "arn:aws:iam::397683539968:role/devopsthehardway-eks-iam-role",
            "status": "ACTIVE",
            "tags": {},
            "tags_all": {},
            "timeouts": null,
            "version": "1.23",
            "vpc_config": [
              {
                "cluster_security_group_id": "sg-03b71880bba0d0b3c",
                "endpoint_private_access": false,
                "endpoint_public_access": true,
                "public_access_cidrs": [
                  "0.0.0.0/0"
                ],
                "security_group_ids": [],
                "subnet_ids": [
                  "subnet-013e7dd26ded65d74",
                  "subnet-090f2b50540267fb1"
                ],
                "vpc_id": "vpc-00d7d09075675f7a0"
              }
            ]
          },
          "sensitive_attributes": [],
          "private": "eyJlMmJmYjczMC1lY2FhLTExZTYtOGY4OC0zNDM2M2JjN2M0YzAiOnsiY3JlYXRlIjoxODAwMDAwMDAwMDAwLCJkZWxldGUiOjkwMDAwMDAwMDAwMCwidXBkYXRlIjozNjAwMDAwMDAwMDAwfX0=",
          "dependencies": [
            "aws_iam_role.eks-iam-role",
            "aws_subnet.sub1",
            "aws_subnet.sub2",
            "aws_vpc.vpc1"
          ]
        }
      ]
    },
    {
      "mode": "managed",
      "type": "aws_iam_role",
      "name": "eks-iam-role",
      "provider": "provider[\"registry.terraform.io/hashicorp/aws\"]",
      "instances": [
        {
          "schema_version": 0,
          "attributes": {
            "arn": "arn:aws:iam::397683539968:role/devopsthehardway-eks-iam-role",
            "assume_role_policy": "{\"Statement\":[{\"Action\":\"sts:AssumeRole\",\"Effect\":\"Allow\",\"Principal\":{\"Service\":\"eks.amazonaws.com\"}}],\"Version\":\"2012-10-17\"}",
            "create_date": "2022-11-09T05:36:59Z",
            "description": "",
            "force_detach_policies": false,
            "id": "devopsthehardway-eks-iam-role",
            "inline_policy": [],
            "managed_policy_arns": [],
            "max_session_duration": 3600,
            "name": "devopsthehardway-eks-iam-role",
            "name_prefix": "",
            "path": "/",
            "permissions_boundary": null,
            "tags": {},
            "tags_all": {},
            "unique_id": "AROAVZF6JIAALNHGOWY4B"
          },
          "sensitive_attributes": [],
          "private": "bnVsbA=="
        }
      ]
    },
    {
      "mode": "managed",
      "type": "aws_subnet",
      "name": "sub1",
      "provider": "provider[\"registry.terraform.io/hashicorp/aws\"]",
      "instances": [
        {
          "schema_version": 1,
          "attributes": {
            "arn": "arn:aws:ec2:us-east-1:397683539968:subnet/subnet-013e7dd26ded65d74",
            "assign_ipv6_address_on_creation": false,
            "availability_zone": "us-east-1a",
            "availability_zone_id": "use1-az6",
            "cidr_block": "10.0.1.0/24",
            "customer_owned_ipv4_pool": "",
            "enable_dns64": false,
            "enable_resource_name_dns_a_record_on_launch": false,
            "enable_resource_name_dns_aaaa_record_on_launch": false,
            "id": "subnet-013e7dd26ded65d74",
            "ipv6_cidr_block": "",
            "ipv6_cidr_block_association_id": "",
            "ipv6_native": false,
            "map_customer_owned_ip_on_launch": false,
            "map_public_ip_on_launch": false,
            "outpost_arn": "",
            "owner_id": "397683539968",
            "private_dns_hostname_type_on_launch": "ip-name",
            "tags": {
              "Name": "Private subnet 10.1"
            },
            "tags_all": {
              "Name": "Private subnet 10.1"
            },
            "timeouts": null,
            "vpc_id": "vpc-00d7d09075675f7a0"
          },
          "sensitive_attributes": [],
          "private": "eyJlMmJmYjczMC1lY2FhLTExZTYtOGY4OC0zNDM2M2JjN2M0YzAiOnsiY3JlYXRlIjo2MDAwMDAwMDAwMDAsImRlbGV0ZSI6MTIwMDAwMDAwMDAwMH0sInNjaGVtYV92ZXJzaW9uIjoiMSJ9",
          "dependencies": [
            "aws_vpc.vpc1"
          ]
        }
      ]
    },
    {
      "mode": "managed",
      "type": "aws_subnet",
      "name": "sub2",
      "provider": "provider[\"registry.terraform.io/hashicorp/aws\"]",
      "instances": [
        {
          "schema_version": 1,
          "attributes": {
            "arn": "arn:aws:ec2:us-east-1:397683539968:subnet/subnet-090f2b50540267fb1",
            "assign_ipv6_address_on_creation": false,
            "availability_zone": "us-east-1b",
            "availability_zone_id": "use1-az1",
            "cidr_block": "10.0.2.0/24",
            "customer_owned_ipv4_pool": "",
            "enable_dns64": false,
            "enable_resource_name_dns_a_record_on_launch": false,
            "enable_resource_name_dns_aaaa_record_on_launch": false,
            "id": "subnet-090f2b50540267fb1",
            "ipv6_cidr_block": "",
            "ipv6_cidr_block_association_id": "",
            "ipv6_native": false,
            "map_customer_owned_ip_on_launch": false,
            "map_public_ip_on_launch": false,
            "outpost_arn": "",
            "owner_id": "397683539968",
            "private_dns_hostname_type_on_launch": "ip-name",
            "tags": {
              "Name": "Public subnet 10.1"
            },
            "tags_all": {
              "Name": "Public subnet 10.1"
            },
            "timeouts": null,
            "vpc_id": "vpc-00d7d09075675f7a0"
          },
          "sensitive_attributes": [],
          "private": "eyJlMmJmYjczMC1lY2FhLTExZTYtOGY4OC0zNDM2M2JjN2M0YzAiOnsiY3JlYXRlIjo2MDAwMDAwMDAwMDAsImRlbGV0ZSI6MTIwMDAwMDAwMDAwMH0sInNjaGVtYV92ZXJzaW9uIjoiMSJ9",
          "dependencies": [
            "aws_vpc.vpc1"
          ]
        }
      ]
    },
    {
      "mode": "managed",
      "type": "aws_vpc",
      "name": "vpc1",
      "provider": "provider[\"registry.terraform.io/hashicorp/aws\"]",
      "instances": [
        {
          "schema_version": 1,
          "attributes": {
            "arn": "arn:aws:ec2:us-east-1:397683539968:vpc/vpc-00d7d09075675f7a0",
            "assign_generated_ipv6_cidr_block": false,
            "cidr_block": "10.0.0.0/16",
            "default_network_acl_id": "acl-08e7fd08af98574f4",
            "default_route_table_id": "rtb-0baaad71aae439c0a",
            "default_security_group_id": "sg-01d6e11d63d4b15e7",
            "dhcp_options_id": "dopt-06446897da90cf29c",
            "enable_classiclink": false,
            "enable_classiclink_dns_support": false,
            "enable_dns_hostnames": true,
            "enable_dns_support": true,
            "enable_network_address_usage_metrics": false,
            "id": "vpc-00d7d09075675f7a0",
            "instance_tenancy": "default",
            "ipv4_ipam_pool_id": null,
            "ipv4_netmask_length": null,
            "ipv6_association_id": "",
            "ipv6_cidr_block": "",
            "ipv6_cidr_block_network_border_group": "",
            "ipv6_ipam_pool_id": "",
            "ipv6_netmask_length": 0,
            "main_route_table_id": "rtb-0baaad71aae439c0a",
            "owner_id": "397683539968",
            "tags": {
              "Name": "project-vpc-terr"
            },
            "tags_all": {
              "Name": "project-vpc-terr"
            }
          },
          "sensitive_attributes": [],
          "private": "eyJzY2hlbWFfdmVyc2lvbiI6IjEifQ=="
        }
      ]
    }
  ]
}
